{
  "name": "scormy-editor",
  "version": "2.0.0",
  "lockfileVersion": 1,
  "requires": true,
  "dependencies": {
    "@interactjs/actions": {
      "version": "1.6.3",
      "resolved": "https://registry.npmjs.org/@interactjs/actions/-/actions-1.6.3.tgz",
      "integrity": "sha512-1tdpTdDfw+M106MlwhQdaMaTrGV4DOoxzsjXVgVV2wdfpmfpR2gzkRdiK4ecDHJisK9KrXhO7Y+92dbuuTFiIQ=="
    },
    "@interactjs/auto-scroll": {
      "version": "1.6.3",
      "resolved": "https://registry.npmjs.org/@interactjs/auto-scroll/-/auto-scroll-1.6.3.tgz",
      "integrity": "sha512-wKqhirYmwKI8n2Fa1sMzx7biwBpKtTTXZpz7Xoi8xeAN5FNFJI+Xj2CMTYwLzDsZes8kew9SSSRT/HqoPuCXuA=="
    },
    "@interactjs/auto-start": {
      "version": "1.6.3",
      "resolved": "https://registry.npmjs.org/@interactjs/auto-start/-/auto-start-1.6.3.tgz",
      "integrity": "sha512-FbLf2aOZhiroc9vQqBOmjEpPo513kU2k8xd0FfnIo55czqPUnffeiu1BXZ+GwgE2V5Tk0c1uM3FP1ZILKE1hVg=="
    },
    "@interactjs/core": {
      "version": "1.6.3",
      "resolved": "https://registry.npmjs.org/@interactjs/core/-/core-1.6.3.tgz",
      "integrity": "sha512-R9/ciSdoaUKFold75APaDbXxz2Zah9482i5dsK+Twy/xEiJNyghDay4xFf2vG7TNBybGvuWVv1IR50PxGFJO6A=="
    },
    "@interactjs/dev-tools": {
      "version": "1.6.3",
      "resolved": "https://registry.npmjs.org/@interactjs/dev-tools/-/dev-tools-1.6.3.tgz",
      "integrity": "sha512-Rst39DOheg+fX5ujze0lkcWs2XmSyikC/LSx6wgm2rhDZ52UWD/FkJJPkPsgAf1ffUqFrwaQuHrrwR35UNRrBQ==",
      "requires": {
        "@interactjs/utils": "1.6.3"
      }
    },
    "@interactjs/inertia": {
      "version": "1.6.3",
      "resolved": "https://registry.npmjs.org/@interactjs/inertia/-/inertia-1.6.3.tgz",
      "integrity": "sha512-OIu8RFqsJXMZO6dXWKtOWbd+rFYjbnNVaAFwZMq118Vz6FYGA0uNuX93Hfxj7DHIzcEeSVzuP8q0wiGhr7i/2Q=="
    },
    "@interactjs/interact": {
      "version": "1.6.3",
      "resolved": "https://registry.npmjs.org/@interactjs/interact/-/interact-1.6.3.tgz",
      "integrity": "sha512-PDbtCjGJ9qiyfFK1CO/dt8BaioA+U5xuqLBFdSVs08Et//6EHkgZXqAz2fkEXvUaOA0Fz4Jqvmw9c1DZUUhzTg=="
    },
    "@interactjs/modifiers": {
      "version": "1.6.3",
      "resolved": "https://registry.npmjs.org/@interactjs/modifiers/-/modifiers-1.6.3.tgz",
      "integrity": "sha512-faIMw0z2NVNpLn1w1KuAnsY0lI/tEOnYWirk7axPCNVKO4/xYRqWRQVGQbB2jCtMeBeuHVv2jkKch3x2nItbCQ=="
    },
    "@interactjs/pointer-events": {
      "version": "1.6.3",
      "resolved": "https://registry.npmjs.org/@interactjs/pointer-events/-/pointer-events-1.6.3.tgz",
      "integrity": "sha512-PnMgD/+82ySC04jEVG85O0BTWKapBl9jo6jdouHwF2Q0HDfUzeWq4E5GCgkwQFwNujbKqsQ7+9A2F/apn5Hc4A=="
    },
    "@interactjs/reflow": {
      "version": "1.6.3",
      "resolved": "https://registry.npmjs.org/@interactjs/reflow/-/reflow-1.6.3.tgz",
      "integrity": "sha512-zVL37qgVeWalJhlDcXq5BG392GWowNDXAY4bkt04I0mxDbiT/424wtohRmNVE30FOKUJt8fc4V1g8tOSQoVhyQ=="
    },
    "@interactjs/types": {
      "version": "1.6.3",
      "resolved": "https://registry.npmjs.org/@interactjs/types/-/types-1.6.3.tgz",
      "integrity": "sha512-3crcLxpGI3A4e3EmDTk72BnZYugrrHU5RSqGlGNxLGSrvkkZ3boDQbIPC3dmdt9nEHRQcyxrMvwU6+fuKjirJg==",
      "requires": {
        "@interactjs/actions": "1.6.3",
        "@interactjs/auto-scroll": "1.6.3",
        "@interactjs/auto-start": "1.6.3",
        "@interactjs/core": "1.6.3",
        "@interactjs/dev-tools": "1.6.3",
        "@interactjs/inertia": "1.6.3",
        "@interactjs/interact": "1.6.3",
        "@interactjs/modifiers": "1.6.3",
        "@interactjs/pointer-events": "1.6.3",
        "@interactjs/reflow": "1.6.3",
        "@interactjs/utils": "1.6.3"
      }
    },
    "@interactjs/utils": {
      "version": "1.6.3",
      "resolved": "https://registry.npmjs.org/@interactjs/utils/-/utils-1.6.3.tgz",
      "integrity": "sha512-eBi/PaBcqwMKmFHzAisFnTyxjwlpgtTGpYLP4hZcf8ok7497d5ANENrtoWa2BzymYBwRayoHrwJPTaWapJui5g=="
    },
    "@polymer/font-roboto": {
      "version": "0.0.3",
      "resolved": "https://registry.npmjs.org/@polymer/font-roboto/-/font-roboto-0.0.3.tgz",
      "integrity": "sha1-nVjttmC77S1L0p07+bIcIL3dYYc="
    },
    "@polymer/iron-a11y-announcer": {
      "version": "0.0.3",
      "resolved": "https://registry.npmjs.org/@polymer/iron-a11y-announcer/-/iron-a11y-announcer-0.0.3.tgz",
      "integrity": "sha1-EmI9tMgJ630ATu5kWO8H57VQDnE=",
      "requires": {
        "@polymer/polymer": "^1.2.5-npm-test.2"
      }
    },
    "@polymer/iron-a11y-keys-behavior": {
      "version": "0.0.3",
      "resolved": "https://registry.npmjs.org/@polymer/iron-a11y-keys-behavior/-/iron-a11y-keys-behavior-0.0.3.tgz",
      "integrity": "sha1-gqnFNdAa6UyzPZwHGppUPrwgRMA=",
      "requires": {
        "@polymer/polymer": "^1.2.5-npm-test.2"
      }
    },
    "@polymer/iron-autogrow-textarea": {
      "version": "0.0.3",
      "resolved": "https://registry.npmjs.org/@polymer/iron-autogrow-textarea/-/iron-autogrow-textarea-0.0.3.tgz",
      "integrity": "sha1-8eoURDCfMWNP5FzPz+N2uD7P0oo=",
      "requires": {
        "@polymer/iron-behaviors": "^0.0.3",
        "@polymer/iron-flex-layout": "^0.0.3",
        "@polymer/iron-form-element-behavior": "^0.0.3",
        "@polymer/iron-validatable-behavior": "^0.0.3",
        "@polymer/polymer": "^1.2.5-npm-test.2"
      }
    },
    "@polymer/iron-behaviors": {
      "version": "0.0.3",
      "resolved": "https://registry.npmjs.org/@polymer/iron-behaviors/-/iron-behaviors-0.0.3.tgz",
      "integrity": "sha1-AnSEiF3bkk+Z+oCD37qBDjnSZxs=",
      "requires": {
        "@polymer/iron-a11y-keys-behavior": "^0.0.3",
        "@polymer/polymer": "^1.2.5-npm-test.2"
      }
    },
    "@polymer/iron-checked-element-behavior": {
      "version": "0.0.3",
      "resolved": "https://registry.npmjs.org/@polymer/iron-checked-element-behavior/-/iron-checked-element-behavior-0.0.3.tgz",
      "integrity": "sha1-Hni2p2dRSVNQ1R2cqq9sD390vXo=",
      "requires": {
        "@polymer/iron-form-element-behavior": "^0.0.3",
        "@polymer/iron-validatable-behavior": "^0.0.3",
        "@polymer/polymer": "^1.2.5-npm-test.2"
      }
    },
    "@polymer/iron-collapse": {
      "version": "0.0.3",
      "resolved": "https://registry.npmjs.org/@polymer/iron-collapse/-/iron-collapse-0.0.3.tgz",
      "integrity": "sha1-fgGkrHnOIB59YrwuNNTDbwiBL8I=",
      "requires": {
        "@polymer/iron-resizable-behavior": "^0.0.3",
        "@polymer/polymer": "^1.2.5-npm-test.2"
      }
    },
    "@polymer/iron-dropdown": {
      "version": "0.0.3",
      "resolved": "https://registry.npmjs.org/@polymer/iron-dropdown/-/iron-dropdown-0.0.3.tgz",
      "integrity": "sha1-reHGe4y5NGW2I18ysXVf7BuBR7I=",
      "requires": {
        "@polymer/iron-a11y-keys-behavior": "^0.0.3",
        "@polymer/iron-behaviors": "^0.0.3",
        "@polymer/iron-overlay-behavior": "^0.0.3",
        "@polymer/iron-resizable-behavior": "^0.0.3",
        "@polymer/neon-animation": "^0.0.3",
        "@polymer/polymer": "^1.2.5-npm-test.2"
      }
    },
    "@polymer/iron-fit-behavior": {
      "version": "0.0.3",
      "resolved": "https://registry.npmjs.org/@polymer/iron-fit-behavior/-/iron-fit-behavior-0.0.3.tgz",
      "integrity": "sha1-LYA5nk+r9LdeCBxfgSJO+b+pjUw=",
      "requires": {
        "@polymer/polymer": "^1.2.5-npm-test.2"
      }
    },
    "@polymer/iron-flex-layout": {
      "version": "0.0.3",
      "resolved": "https://registry.npmjs.org/@polymer/iron-flex-layout/-/iron-flex-layout-0.0.3.tgz",
      "integrity": "sha1-t9enMrHLrf5qqVAMoG9A0CV4uvc=",
      "requires": {
        "@polymer/polymer": "^1.2.5-npm-test.2"
      }
    },
    "@polymer/iron-form-element-behavior": {
      "version": "0.0.3",
      "resolved": "https://registry.npmjs.org/@polymer/iron-form-element-behavior/-/iron-form-element-behavior-0.0.3.tgz",
      "integrity": "sha1-NWSipR2Mz92kGT2UPV/QwSxGN1k=",
      "requires": {
        "@polymer/polymer": "^1.2.5-npm-test.2"
      }
    },
    "@polymer/iron-icon": {
      "version": "0.0.3",
      "resolved": "https://registry.npmjs.org/@polymer/iron-icon/-/iron-icon-0.0.3.tgz",
      "integrity": "sha1-4bFK/tStEQbthn1k7wH+Q/m05ec=",
      "requires": {
        "@polymer/iron-flex-layout": "^0.0.3",
        "@polymer/iron-meta": "^0.0.3",
        "@polymer/polymer": "^1.2.5-npm-test.2"
      }
    },
    "@polymer/iron-icons": {
      "version": "0.0.3",
      "resolved": "https://registry.npmjs.org/@polymer/iron-icons/-/iron-icons-0.0.3.tgz",
      "integrity": "sha1-1nKrl5vc1N7YAn6N4j6MUdDH9MY=",
      "requires": {
        "@polymer/iron-icon": "^0.0.3",
        "@polymer/iron-iconset-svg": "^0.0.3",
        "@polymer/polymer": "^1.2.5-npm-test.2"
      }
    },
    "@polymer/iron-iconset-svg": {
      "version": "0.0.3",
      "resolved": "https://registry.npmjs.org/@polymer/iron-iconset-svg/-/iron-iconset-svg-0.0.3.tgz",
      "integrity": "sha1-zUz/UjP4Bh4+DTSmUYC5qSCFhgo=",
      "requires": {
        "@polymer/iron-meta": "^0.0.3",
        "@polymer/polymer": "^1.2.5-npm-test.2"
      }
    },
    "@polymer/iron-image": {
      "version": "0.0.3",
      "resolved": "https://registry.npmjs.org/@polymer/iron-image/-/iron-image-0.0.3.tgz",
      "integrity": "sha1-Q9l8y819EEJMexitCZHID4ZQdgg=",
      "requires": {
        "@polymer/iron-flex-layout": "^0.0.3",
        "@polymer/polymer": "^1.2.5-npm-test.2"
      }
    },
    "@polymer/iron-input": {
      "version": "0.0.3",
      "resolved": "https://registry.npmjs.org/@polymer/iron-input/-/iron-input-0.0.3.tgz",
      "integrity": "sha1-5ByFh7JRqlEKJvKMqSOBqxRX33k=",
      "requires": {
        "@polymer/iron-validatable-behavior": "^0.0.3",
        "@polymer/polymer": "^1.2.5-npm-test.2"
      }
    },
    "@polymer/iron-media-query": {
      "version": "0.0.3",
      "resolved": "https://registry.npmjs.org/@polymer/iron-media-query/-/iron-media-query-0.0.3.tgz",
      "integrity": "sha1-7LytYk31hAcoVVUGI57WODBCDQc=",
      "requires": {
        "@polymer/polymer": "^1.2.5-npm-test.2"
      }
    },
    "@polymer/iron-menu-behavior": {
      "version": "0.0.3",
      "resolved": "https://registry.npmjs.org/@polymer/iron-menu-behavior/-/iron-menu-behavior-0.0.3.tgz",
      "integrity": "sha1-1kkaO00clzz/2AmXSdrRcfTXNpA=",
      "requires": {
        "@polymer/iron-a11y-keys-behavior": "^0.0.3",
        "@polymer/iron-selector": "^0.0.3",
        "@polymer/polymer": "^1.2.5-npm-test.2"
      }
    },
    "@polymer/iron-meta": {
      "version": "0.0.3",
      "resolved": "https://registry.npmjs.org/@polymer/iron-meta/-/iron-meta-0.0.3.tgz",
      "integrity": "sha1-pM7IR5va7Gb/A3SaWRNvIf3gHXA=",
      "requires": {
        "@polymer/polymer": "^1.2.5-npm-test.2"
      }
    },
    "@polymer/iron-overlay-behavior": {
      "version": "0.0.3",
      "resolved": "https://registry.npmjs.org/@polymer/iron-overlay-behavior/-/iron-overlay-behavior-0.0.3.tgz",
      "integrity": "sha1-TFy7uRuSQLtvgkBAzpf2F/Xud1Y=",
      "requires": {
        "@polymer/iron-fit-behavior": "^0.0.3",
        "@polymer/iron-resizable-behavior": "^0.0.3",
        "@polymer/polymer": "^1.2.5-npm-test.2"
      }
    },
    "@polymer/iron-range-behavior": {
      "version": "0.0.3",
      "resolved": "https://registry.npmjs.org/@polymer/iron-range-behavior/-/iron-range-behavior-0.0.3.tgz",
      "integrity": "sha1-R09KtJrGGQljxY/l26Hk0WTwi70=",
      "requires": {
        "@polymer/polymer": "^1.2.5-npm-test.2"
      }
    },
    "@polymer/iron-resizable-behavior": {
      "version": "0.0.3",
      "resolved": "https://registry.npmjs.org/@polymer/iron-resizable-behavior/-/iron-resizable-behavior-0.0.3.tgz",
      "integrity": "sha1-IFRw+EBwZUkJo2C1M7ZZmy2AY1Q=",
      "requires": {
        "@polymer/polymer": "^1.2.5-npm-test.2"
      }
    },
    "@polymer/iron-selector": {
      "version": "0.0.3",
      "resolved": "https://registry.npmjs.org/@polymer/iron-selector/-/iron-selector-0.0.3.tgz",
      "integrity": "sha1-zeC7e5hF3bP238k62hR0Jszr37k=",
      "requires": {
        "@polymer/polymer": "^1.2.5-npm-test.2"
      }
    },
    "@polymer/iron-validatable-behavior": {
      "version": "0.0.3",
      "resolved": "https://registry.npmjs.org/@polymer/iron-validatable-behavior/-/iron-validatable-behavior-0.0.3.tgz",
      "integrity": "sha1-Q4dHFz0rHTvBoIRYpV7THJtPGS8=",
      "requires": {
        "@polymer/iron-meta": "^0.0.3",
        "@polymer/polymer": "^1.2.5-npm-test.2"
      }
    },
    "@polymer/neon-animation": {
      "version": "0.0.3",
      "resolved": "https://registry.npmjs.org/@polymer/neon-animation/-/neon-animation-0.0.3.tgz",
      "integrity": "sha1-k+nuvN8CPHtC2afX9B+xk0tQCyI=",
      "requires": {
        "@polymer/iron-meta": "^0.0.3",
        "@polymer/iron-resizable-behavior": "^0.0.3",
        "@polymer/iron-selector": "^0.0.3",
        "@polymer/polymer": "^1.2.5-npm-test.2",
        "web-animations-js": "2.1.3"
      }
    },
    "@polymer/paper-badge": {
      "version": "0.0.3",
      "resolved": "https://registry.npmjs.org/@polymer/paper-badge/-/paper-badge-0.0.3.tgz",
      "integrity": "sha1-hf2QPMIPa3TJqn2XxM3KU7GfmdU=",
      "requires": {
        "@polymer/iron-resizable-behavior": "^0.0.3",
        "@polymer/paper-styles": "^0.0.3",
        "@polymer/polymer": "^1.2.5-npm-test.2"
      }
    },
    "@polymer/paper-behaviors": {
      "version": "0.0.3",
      "resolved": "https://registry.npmjs.org/@polymer/paper-behaviors/-/paper-behaviors-0.0.3.tgz",
      "integrity": "sha1-eaObHcYsBnoXnvpwxPNOH7jemm8=",
      "requires": {
        "@polymer/iron-behaviors": "^0.0.3",
        "@polymer/iron-checked-element-behavior": "^0.0.3",
        "@polymer/paper-ripple": "^0.0.3",
        "@polymer/polymer": "^1.2.5-npm-test.2"
      }
    },
    "@polymer/paper-button": {
      "version": "0.0.3",
      "resolved": "https://registry.npmjs.org/@polymer/paper-button/-/paper-button-0.0.3.tgz",
      "integrity": "sha1-X/aIMLhnMqgQi+Alm0tnPwqMwVY=",
      "requires": {
        "@polymer/iron-flex-layout": "^0.0.3",
        "@polymer/paper-behaviors": "^0.0.3",
        "@polymer/paper-material": "^0.0.3",
        "@polymer/polymer": "^1.2.5-npm-test.2"
      }
    },
    "@polymer/paper-card": {
      "version": "0.0.3",
      "resolved": "https://registry.npmjs.org/@polymer/paper-card/-/paper-card-0.0.3.tgz",
      "integrity": "sha1-7WctvNldt+IrpSVeAQse1e5xEfo=",
      "requires": {
        "@polymer/iron-flex-layout": "^0.0.3",
        "@polymer/iron-image": "^0.0.3",
        "@polymer/paper-material": "^0.0.3",
        "@polymer/paper-styles": "^0.0.3",
        "@polymer/polymer": "^1.2.5-npm-test.2"
      }
    },
    "@polymer/paper-checkbox": {
      "version": "0.0.3",
      "resolved": "https://registry.npmjs.org/@polymer/paper-checkbox/-/paper-checkbox-0.0.3.tgz",
      "integrity": "sha1-yAetkltn3RXNdWG3wQvxIjmvyZA=",
      "requires": {
        "@polymer/iron-checked-element-behavior": "^0.0.3",
        "@polymer/paper-behaviors": "^0.0.3",
        "@polymer/paper-ripple": "^0.0.3",
        "@polymer/paper-styles": "^0.0.3",
        "@polymer/polymer": "^1.2.5-npm-test.2"
      }
    },
    "@polymer/paper-dialog": {
      "version": "0.0.3",
      "resolved": "https://registry.npmjs.org/@polymer/paper-dialog/-/paper-dialog-0.0.3.tgz",
      "integrity": "sha1-3MTI1KZewWzGoD10+DcjNvVTCZM=",
      "requires": {
        "@polymer/neon-animation": "^0.0.3",
        "@polymer/paper-dialog-behavior": "^0.0.3",
        "@polymer/paper-styles": "^0.0.3",
        "@polymer/polymer": "^1.2.5-npm-test.2"
      }
    },
    "@polymer/paper-dialog-behavior": {
      "version": "0.0.3",
      "resolved": "https://registry.npmjs.org/@polymer/paper-dialog-behavior/-/paper-dialog-behavior-0.0.3.tgz",
      "integrity": "sha1-zxnttFGVN34CJ3OdZXfaf/jYROo=",
      "requires": {
        "@polymer/iron-overlay-behavior": "^0.0.3",
        "@polymer/paper-styles": "^0.0.3",
        "@polymer/polymer": "^1.2.5-npm-test.2"
      }
    },
    "@polymer/paper-dialog-scrollable": {
      "version": "0.0.3",
      "resolved": "https://registry.npmjs.org/@polymer/paper-dialog-scrollable/-/paper-dialog-scrollable-0.0.3.tgz",
      "integrity": "sha1-eAXgIekd1NIlHthW/WZmNPQqOqE=",
      "requires": {
        "@polymer/polymer": "^1.2.5-npm-test.2"
      }
    },
    "@polymer/paper-drawer-panel": {
      "version": "0.0.3",
      "resolved": "https://registry.npmjs.org/@polymer/paper-drawer-panel/-/paper-drawer-panel-0.0.3.tgz",
      "integrity": "sha1-X4TSTEEz6CdP1rsXD3q2my5u4pc=",
      "requires": {
        "@polymer/iron-media-query": "^0.0.3",
        "@polymer/iron-resizable-behavior": "^0.0.3",
        "@polymer/iron-selector": "^0.0.3",
        "@polymer/polymer": "^1.2.5-npm-test.2"
      }
    },
    "@polymer/paper-dropdown-menu": {
      "version": "0.0.3",
      "resolved": "https://registry.npmjs.org/@polymer/paper-dropdown-menu/-/paper-dropdown-menu-0.0.3.tgz",
      "integrity": "sha1-UfOgxTgvnujUWRBNvSHqwxaBJEw=",
      "requires": {
        "@polymer/iron-a11y-keys-behavior": "^0.0.3",
        "@polymer/iron-form-element-behavior": "^0.0.3",
        "@polymer/iron-icon": "^0.0.3",
        "@polymer/iron-icons": "^0.0.3",
        "@polymer/iron-validatable-behavior": "^0.0.3",
        "@polymer/paper-input": "^0.0.3",
        "@polymer/paper-menu-button": "^0.0.3",
        "@polymer/paper-ripple": "^0.0.3",
        "@polymer/paper-styles": "^0.0.3",
        "@polymer/polymer": "^1.2.5-npm-test.2"
      }
    },
    "@polymer/paper-elements": {
      "version": "0.0.3",
      "resolved": "https://registry.npmjs.org/@polymer/paper-elements/-/paper-elements-0.0.3.tgz",
      "integrity": "sha1-JbXmd9OjFb93mt1i+jn+/3uMaBE=",
      "requires": {
        "@polymer/paper-badge": "^0.0.3",
        "@polymer/paper-behaviors": "^0.0.3",
        "@polymer/paper-button": "^0.0.3",
        "@polymer/paper-card": "^0.0.3",
        "@polymer/paper-checkbox": "^0.0.3",
        "@polymer/paper-dialog": "^0.0.3",
        "@polymer/paper-dialog-behavior": "^0.0.3",
        "@polymer/paper-dialog-scrollable": "^0.0.3",
        "@polymer/paper-drawer-panel": "^0.0.3",
        "@polymer/paper-dropdown-menu": "^0.0.3",
        "@polymer/paper-fab": "^0.0.3",
        "@polymer/paper-header-panel": "^0.0.3",
        "@polymer/paper-icon-button": "^0.0.3",
        "@polymer/paper-input": "^0.0.3",
        "@polymer/paper-item": "^0.0.3",
        "@polymer/paper-listbox": "^0.0.3",
        "@polymer/paper-material": "^0.0.3",
        "@polymer/paper-menu": "^0.0.3",
        "@polymer/paper-menu-button": "^0.0.3",
        "@polymer/paper-progress": "^0.0.3",
        "@polymer/paper-radio-button": "^0.0.3",
        "@polymer/paper-radio-group": "^0.0.3",
        "@polymer/paper-ripple": "^0.0.3",
        "@polymer/paper-scroll-header-panel": "^0.0.3",
        "@polymer/paper-slider": "^0.0.3",
        "@polymer/paper-spinner": "^0.0.3",
        "@polymer/paper-styles": "^0.0.3",
        "@polymer/paper-tabs": "^0.0.3",
        "@polymer/paper-toast": "^0.0.3",
        "@polymer/paper-toggle-button": "^0.0.3",
        "@polymer/paper-toolbar": "^0.0.3",
        "@polymer/paper-tooltip": "^0.0.3"
      }
    },
    "@polymer/paper-fab": {
      "version": "0.0.3",
      "resolved": "https://registry.npmjs.org/@polymer/paper-fab/-/paper-fab-0.0.3.tgz",
      "integrity": "sha1-/1xyDytKJkNIB5iAVf+pfi6BK7E=",
      "requires": {
        "@polymer/iron-flex-layout": "^0.0.3",
        "@polymer/iron-icon": "^0.0.3",
        "@polymer/iron-icons": "^0.0.3",
        "@polymer/paper-behaviors": "^0.0.3",
        "@polymer/paper-material": "^0.0.3",
        "@polymer/paper-styles": "^0.0.3",
        "@polymer/polymer": "^1.2.5-npm-test.2"
      }
    },
    "@polymer/paper-header-panel": {
      "version": "0.0.3",
      "resolved": "https://registry.npmjs.org/@polymer/paper-header-panel/-/paper-header-panel-0.0.3.tgz",
      "integrity": "sha1-3gEEi4pjkM1n6OeY6EhuBZeRHJc=",
      "requires": {
        "@polymer/iron-flex-layout": "^0.0.3",
        "@polymer/polymer": "^1.2.5-npm-test.2"
      }
    },
    "@polymer/paper-icon-button": {
      "version": "0.0.3",
      "resolved": "https://registry.npmjs.org/@polymer/paper-icon-button/-/paper-icon-button-0.0.3.tgz",
      "integrity": "sha1-RGkJpnM0w+jG2fD0cRrYK0+jL7Q=",
      "requires": {
        "@polymer/iron-flex-layout": "^0.0.3",
        "@polymer/iron-icon": "^0.0.3",
        "@polymer/iron-icons": "^0.0.3",
        "@polymer/paper-behaviors": "^0.0.3",
        "@polymer/paper-ripple": "^0.0.3",
        "@polymer/paper-styles": "^0.0.3",
        "@polymer/polymer": "^1.2.5-npm-test.2"
      }
    },
    "@polymer/paper-input": {
      "version": "0.0.3",
      "resolved": "https://registry.npmjs.org/@polymer/paper-input/-/paper-input-0.0.3.tgz",
      "integrity": "sha1-W7PvqQY9znhYaDnErrLrbPLGGKI=",
      "requires": {
        "@polymer/iron-a11y-keys-behavior": "^0.0.3",
        "@polymer/iron-autogrow-textarea": "^0.0.3",
        "@polymer/iron-behaviors": "^0.0.3",
        "@polymer/iron-form-element-behavior": "^0.0.3",
        "@polymer/iron-input": "^0.0.3",
        "@polymer/paper-styles": "^0.0.3",
        "@polymer/polymer": "^1.2.5-npm-test.2"
      }
    },
    "@polymer/paper-item": {
      "version": "0.0.3",
      "resolved": "https://registry.npmjs.org/@polymer/paper-item/-/paper-item-0.0.3.tgz",
      "integrity": "sha1-2yDR+Qrh9qOi9TRcHaQ0V/lqgA0=",
      "requires": {
        "@polymer/iron-behaviors": "^0.0.3",
        "@polymer/iron-flex-layout": "^0.0.3",
        "@polymer/paper-styles": "^0.0.3",
        "@polymer/polymer": "^1.2.5-npm-test.2"
      }
    },
    "@polymer/paper-listbox": {
      "version": "0.0.3",
      "resolved": "https://registry.npmjs.org/@polymer/paper-listbox/-/paper-listbox-0.0.3.tgz",
      "integrity": "sha1-FFpo9BqP/rylpqjUdkDhE+D/pZE=",
      "requires": {
        "@polymer/iron-behaviors": "^0.0.3",
        "@polymer/iron-collapse": "^0.0.3",
        "@polymer/iron-menu-behavior": "^0.0.3",
        "@polymer/paper-styles": "^0.0.3",
        "@polymer/polymer": "^1.2.5-npm-test.2"
      }
    },
    "@polymer/paper-material": {
      "version": "0.0.3",
      "resolved": "https://registry.npmjs.org/@polymer/paper-material/-/paper-material-0.0.3.tgz",
      "integrity": "sha1-8V026b2nBcKWnHBWRzCmRsAsJsI=",
      "requires": {
        "@polymer/paper-styles": "^0.0.3",
        "@polymer/polymer": "^1.2.5-npm-test.2"
      }
    },
    "@polymer/paper-menu": {
      "version": "0.0.3",
      "resolved": "https://registry.npmjs.org/@polymer/paper-menu/-/paper-menu-0.0.3.tgz",
      "integrity": "sha1-XOizsYuNn+qB9r4QslCPeyH88zo=",
      "requires": {
        "@polymer/iron-behaviors": "^0.0.3",
        "@polymer/iron-collapse": "^0.0.3",
        "@polymer/iron-flex-layout": "^0.0.3",
        "@polymer/iron-menu-behavior": "^0.0.3",
        "@polymer/paper-styles": "^0.0.3",
        "@polymer/polymer": "^1.2.5-npm-test.2"
      }
    },
    "@polymer/paper-menu-button": {
      "version": "0.0.3",
      "resolved": "https://registry.npmjs.org/@polymer/paper-menu-button/-/paper-menu-button-0.0.3.tgz",
      "integrity": "sha1-9B1sh7ermD0YX0TEyXM+RCJi+80=",
      "requires": {
        "@polymer/iron-a11y-keys-behavior": "^0.0.3",
        "@polymer/iron-behaviors": "^0.0.3",
        "@polymer/iron-dropdown": "^0.0.3",
        "@polymer/neon-animation": "^0.0.3",
        "@polymer/paper-material": "^0.0.3",
        "@polymer/paper-styles": "^0.0.3",
        "@polymer/polymer": "^1.2.5-npm-test.2"
      }
    },
    "@polymer/paper-progress": {
      "version": "0.0.3",
      "resolved": "https://registry.npmjs.org/@polymer/paper-progress/-/paper-progress-0.0.3.tgz",
      "integrity": "sha1-E9Mb4ZNuyV4jaIe3YTcfvJBZT4g=",
      "requires": {
        "@polymer/iron-flex-layout": "^0.0.3",
        "@polymer/iron-range-behavior": "^0.0.3",
        "@polymer/paper-styles": "^0.0.3",
        "@polymer/polymer": "^1.2.5-npm-test.2"
      }
    },
    "@polymer/paper-radio-button": {
      "version": "0.0.3",
      "resolved": "https://registry.npmjs.org/@polymer/paper-radio-button/-/paper-radio-button-0.0.3.tgz",
      "integrity": "sha1-D4MBQyolxj8dzPxRbSH5LzlANDI=",
      "requires": {
        "@polymer/iron-checked-element-behavior": "^0.0.3",
        "@polymer/paper-behaviors": "^0.0.3",
        "@polymer/paper-ripple": "^0.0.3",
        "@polymer/paper-styles": "^0.0.3",
        "@polymer/polymer": "^1.2.5-npm-test.2"
      }
    },
    "@polymer/paper-radio-group": {
      "version": "0.0.3",
      "resolved": "https://registry.npmjs.org/@polymer/paper-radio-group/-/paper-radio-group-0.0.3.tgz",
      "integrity": "sha1-7jz4h4qm96bK3yRcB75k6evH7lE=",
      "requires": {
        "@polymer/iron-a11y-keys-behavior": "^0.0.3",
        "@polymer/iron-selector": "^0.0.3",
        "@polymer/polymer": "^1.2.5-npm-test.2"
      }
    },
    "@polymer/paper-ripple": {
      "version": "0.0.3",
      "resolved": "https://registry.npmjs.org/@polymer/paper-ripple/-/paper-ripple-0.0.3.tgz",
      "integrity": "sha1-K3IpR6hSglIzlnYGzV/PWQ632Ck=",
      "requires": {
        "@polymer/iron-a11y-keys-behavior": "^0.0.3",
        "@polymer/polymer": "^1.2.5-npm-test.2"
      }
    },
    "@polymer/paper-scroll-header-panel": {
      "version": "0.0.3",
      "resolved": "https://registry.npmjs.org/@polymer/paper-scroll-header-panel/-/paper-scroll-header-panel-0.0.3.tgz",
      "integrity": "sha1-oexldpttXy7FnShhw1UJUoAHnkU=",
      "requires": {
        "@polymer/iron-resizable-behavior": "^0.0.3",
        "@polymer/polymer": "^1.2.5-npm-test.2"
      }
    },
    "@polymer/paper-slider": {
      "version": "0.0.3",
      "resolved": "https://registry.npmjs.org/@polymer/paper-slider/-/paper-slider-0.0.3.tgz",
      "integrity": "sha1-v4ULIjN1tL8QSmB2QoDD+Dw4VRw=",
      "requires": {
        "@polymer/iron-a11y-keys-behavior": "^0.0.3",
        "@polymer/iron-behaviors": "^0.0.3",
        "@polymer/iron-flex-layout": "^0.0.3",
        "@polymer/iron-form-element-behavior": "^0.0.3",
        "@polymer/paper-behaviors": "^0.0.3",
        "@polymer/paper-input": "^0.0.3",
        "@polymer/paper-progress": "^0.0.3",
        "@polymer/paper-styles": "^0.0.3",
        "@polymer/polymer": "^1.2.5-npm-test.2"
      }
    },
    "@polymer/paper-spinner": {
      "version": "0.0.3",
      "resolved": "https://registry.npmjs.org/@polymer/paper-spinner/-/paper-spinner-0.0.3.tgz",
      "integrity": "sha1-ClIMZ8af8mcA9z2xDTN38OW3x/w=",
      "requires": {
        "@polymer/iron-flex-layout": "^0.0.3",
        "@polymer/paper-styles": "^0.0.3",
        "@polymer/polymer": "^1.2.5-npm-test.2"
      }
    },
    "@polymer/paper-styles": {
      "version": "0.0.3",
      "resolved": "https://registry.npmjs.org/@polymer/paper-styles/-/paper-styles-0.0.3.tgz",
      "integrity": "sha1-uEZqBHgH1vxjwk+nG0hsl1zHU3k=",
      "requires": {
        "@polymer/font-roboto": "^0.0.3",
        "@polymer/iron-flex-layout": "^0.0.3",
        "@polymer/polymer": "^1.2.5-npm-test.2"
      }
    },
    "@polymer/paper-tabs": {
      "version": "0.0.3",
      "resolved": "https://registry.npmjs.org/@polymer/paper-tabs/-/paper-tabs-0.0.3.tgz",
      "integrity": "sha1-IYUrLHr58V2q+wqzCwoD0Fzoh70=",
      "requires": {
        "@polymer/iron-behaviors": "^0.0.3",
        "@polymer/iron-flex-layout": "^0.0.3",
        "@polymer/iron-icon": "^0.0.3",
        "@polymer/iron-iconset-svg": "^0.0.3",
        "@polymer/iron-menu-behavior": "^0.0.3",
        "@polymer/iron-resizable-behavior": "^0.0.3",
        "@polymer/paper-behaviors": "^0.0.3",
        "@polymer/paper-icon-button": "^0.0.3",
        "@polymer/paper-styles": "^0.0.3",
        "@polymer/polymer": "^1.2.5-npm-test.2"
      }
    },
    "@polymer/paper-toast": {
      "version": "0.0.3",
      "resolved": "https://registry.npmjs.org/@polymer/paper-toast/-/paper-toast-0.0.3.tgz",
      "integrity": "sha1-iNvLbyjNPc6dTshq58MaXkZmLvg=",
      "requires": {
        "@polymer/iron-a11y-announcer": "^0.0.3",
        "@polymer/iron-overlay-behavior": "^0.0.3",
        "@polymer/polymer": "^1.2.5-npm-test.2"
      }
    },
    "@polymer/paper-toggle-button": {
      "version": "0.0.3",
      "resolved": "https://registry.npmjs.org/@polymer/paper-toggle-button/-/paper-toggle-button-0.0.3.tgz",
      "integrity": "sha1-bvGZBAnC99Mqq6RDdWlbyIFM/uQ=",
      "requires": {
        "@polymer/iron-checked-element-behavior": "^0.0.3",
        "@polymer/paper-behaviors": "^0.0.3",
        "@polymer/paper-ripple": "^0.0.3",
        "@polymer/paper-styles": "^0.0.3",
        "@polymer/polymer": "^1.2.5-npm-test.2"
      }
    },
    "@polymer/paper-toolbar": {
      "version": "0.0.3",
      "resolved": "https://registry.npmjs.org/@polymer/paper-toolbar/-/paper-toolbar-0.0.3.tgz",
      "integrity": "sha1-1if7S0s/Vybz+dEyyhGBwuv2z9U=",
      "requires": {
        "@polymer/iron-flex-layout": "^0.0.3",
        "@polymer/paper-styles": "^0.0.3",
        "@polymer/polymer": "^1.2.5-npm-test.2"
      }
    },
    "@polymer/paper-tooltip": {
      "version": "0.0.3",
      "resolved": "https://registry.npmjs.org/@polymer/paper-tooltip/-/paper-tooltip-0.0.3.tgz",
      "integrity": "sha1-u0z9v0wEIQ52UYe3iOfPbPm12BI=",
      "requires": {
        "@polymer/neon-animation": "^0.0.3",
        "@polymer/paper-styles": "^0.0.3",
        "@polymer/polymer": "^1.2.5-npm-test.2"
      }
    },
    "@polymer/polymer": {
      "version": "1.2.5-npm-test.2",
      "resolved": "https://registry.npmjs.org/@polymer/polymer/-/polymer-1.2.5-npm-test.2.tgz",
      "integrity": "sha1-eTD1ZjwvaGkVRR0hHmY6qZl9czY=",
      "requires": {
        "webcomponents.js": "^0.7.20"
      }
    },
    "interactjs": {
      "version": "1.6.3",
      "resolved": "https://registry.npmjs.org/interactjs/-/interactjs-1.6.3.tgz",
      "integrity": "sha512-mGivT1/VtTrjrSyhA1ezNGa0njNsZgXSoTjbCcr4qTJzRnUM5Rs+CF9+zOWOlwTZ89PAoT9FlTTqODC3xo5FEA==",
      "requires": {
        "@interactjs/types": "1.6.3"
      }
    },
    "lit-html": {
      "version": "1.1.2",
      "resolved": "https://registry.npmjs.org/lit-html/-/lit-html-1.1.2.tgz",
      "integrity": "sha512-FFlUMKHKi+qG1x1iHNZ1hrtc/zHmfYTyrSvs3/wBTvaNtpZjOZGWzU7efGYVpgp6KvWeKF6ql9/KsCq6Z/mEDA=="
    },
    "web-animations-js": {
      "version": "2.1.3",
      "resolved": "https://registry.npmjs.org/web-animations-js/-/web-animations-js-2.1.3.tgz",
      "integrity": "sha1-+z/FakCi+4BIZjhvzxpBQmXEi0k="
    },
    "webcomponents.js": {
      "version": "0.7.24",
      "resolved": "https://registry.npmjs.org/webcomponents.js/-/webcomponents.js-0.7.24.tgz",
      "integrity": "sha1-IRb7+hRo7EFqe+/aozPh0Rj2nAQ="
    }
  }
}
