{
  "name": "scormy-editor",
  "version": "2.0.0",
  "lockfileVersion": 1,
  "requires": true,
  "dependencies": {
    "@interactjs/actions": {
      "version": "1.6.3",
      "resolved": "https://registry.npmjs.org/@interactjs/actions/-/actions-1.6.3.tgz",
      "integrity": "sha512-1tdpTdDfw+M106MlwhQdaMaTrGV4DOoxzsjXVgVV2wdfpmfpR2gzkRdiK4ecDHJisK9KrXhO7Y+92dbuuTFiIQ=="
    },
    "@interactjs/auto-scroll": {
      "version": "1.6.3",
      "resolved": "https://registry.npmjs.org/@interactjs/auto-scroll/-/auto-scroll-1.6.3.tgz",
      "integrity": "sha512-wKqhirYmwKI8n2Fa1sMzx7biwBpKtTTXZpz7Xoi8xeAN5FNFJI+Xj2CMTYwLzDsZes8kew9SSSRT/HqoPuCXuA=="
    },
    "@interactjs/auto-start": {
      "version": "1.6.3",
      "resolved": "https://registry.npmjs.org/@interactjs/auto-start/-/auto-start-1.6.3.tgz",
      "integrity": "sha512-FbLf2aOZhiroc9vQqBOmjEpPo513kU2k8xd0FfnIo55czqPUnffeiu1BXZ+GwgE2V5Tk0c1uM3FP1ZILKE1hVg=="
    },
    "@interactjs/core": {
      "version": "1.6.3",
      "resolved": "https://registry.npmjs.org/@interactjs/core/-/core-1.6.3.tgz",
      "integrity": "sha512-R9/ciSdoaUKFold75APaDbXxz2Zah9482i5dsK+Twy/xEiJNyghDay4xFf2vG7TNBybGvuWVv1IR50PxGFJO6A=="
    },
    "@interactjs/dev-tools": {
      "version": "1.6.3",
      "resolved": "https://registry.npmjs.org/@interactjs/dev-tools/-/dev-tools-1.6.3.tgz",
      "integrity": "sha512-Rst39DOheg+fX5ujze0lkcWs2XmSyikC/LSx6wgm2rhDZ52UWD/FkJJPkPsgAf1ffUqFrwaQuHrrwR35UNRrBQ==",
      "requires": {
        "@interactjs/utils": "1.6.3"
      }
    },
    "@interactjs/inertia": {
      "version": "1.6.3",
      "resolved": "https://registry.npmjs.org/@interactjs/inertia/-/inertia-1.6.3.tgz",
      "integrity": "sha512-OIu8RFqsJXMZO6dXWKtOWbd+rFYjbnNVaAFwZMq118Vz6FYGA0uNuX93Hfxj7DHIzcEeSVzuP8q0wiGhr7i/2Q=="
    },
    "@interactjs/interact": {
      "version": "1.6.3",
      "resolved": "https://registry.npmjs.org/@interactjs/interact/-/interact-1.6.3.tgz",
      "integrity": "sha512-PDbtCjGJ9qiyfFK1CO/dt8BaioA+U5xuqLBFdSVs08Et//6EHkgZXqAz2fkEXvUaOA0Fz4Jqvmw9c1DZUUhzTg=="
    },
    "@interactjs/modifiers": {
      "version": "1.6.3",
      "resolved": "https://registry.npmjs.org/@interactjs/modifiers/-/modifiers-1.6.3.tgz",
      "integrity": "sha512-faIMw0z2NVNpLn1w1KuAnsY0lI/tEOnYWirk7axPCNVKO4/xYRqWRQVGQbB2jCtMeBeuHVv2jkKch3x2nItbCQ=="
    },
    "@interactjs/pointer-events": {
      "version": "1.6.3",
      "resolved": "https://registry.npmjs.org/@interactjs/pointer-events/-/pointer-events-1.6.3.tgz",
      "integrity": "sha512-PnMgD/+82ySC04jEVG85O0BTWKapBl9jo6jdouHwF2Q0HDfUzeWq4E5GCgkwQFwNujbKqsQ7+9A2F/apn5Hc4A=="
    },
    "@interactjs/reflow": {
      "version": "1.6.3",
      "resolved": "https://registry.npmjs.org/@interactjs/reflow/-/reflow-1.6.3.tgz",
      "integrity": "sha512-zVL37qgVeWalJhlDcXq5BG392GWowNDXAY4bkt04I0mxDbiT/424wtohRmNVE30FOKUJt8fc4V1g8tOSQoVhyQ=="
    },
    "@interactjs/types": {
      "version": "1.6.3",
      "resolved": "https://registry.npmjs.org/@interactjs/types/-/types-1.6.3.tgz",
      "integrity": "sha512-3crcLxpGI3A4e3EmDTk72BnZYugrrHU5RSqGlGNxLGSrvkkZ3boDQbIPC3dmdt9nEHRQcyxrMvwU6+fuKjirJg==",
      "requires": {
        "@interactjs/actions": "1.6.3",
        "@interactjs/auto-scroll": "1.6.3",
        "@interactjs/auto-start": "1.6.3",
        "@interactjs/core": "1.6.3",
        "@interactjs/dev-tools": "1.6.3",
        "@interactjs/inertia": "1.6.3",
        "@interactjs/interact": "1.6.3",
        "@interactjs/modifiers": "1.6.3",
        "@interactjs/pointer-events": "1.6.3",
        "@interactjs/reflow": "1.6.3",
        "@interactjs/utils": "1.6.3"
      }
    },
    "@interactjs/utils": {
      "version": "1.6.3",
      "resolved": "https://registry.npmjs.org/@interactjs/utils/-/utils-1.6.3.tgz",
      "integrity": "sha512-eBi/PaBcqwMKmFHzAisFnTyxjwlpgtTGpYLP4hZcf8ok7497d5ANENrtoWa2BzymYBwRayoHrwJPTaWapJui5g=="
    },
    "@polymer/font-roboto": {
      "version": "3.0.2",
      "resolved": "https://registry.npmjs.org/@polymer/font-roboto/-/font-roboto-3.0.2.tgz",
      "integrity": "sha512-tx5TauYSmzsIvmSqepUPDYbs4/Ejz2XbZ1IkD7JEGqkdNUJlh+9KU85G56Tfdk/xjEZ8zorFfN09OSwiMrIQWA=="
    },
    "@polymer/iron-a11y-keys-behavior": {
      "version": "3.0.1",
      "resolved": "https://registry.npmjs.org/@polymer/iron-a11y-keys-behavior/-/iron-a11y-keys-behavior-3.0.1.tgz",
      "integrity": "sha512-lnrjKq3ysbBPT/74l0Fj0U9H9C35Tpw2C/tpJ8a+5g8Y3YJs1WSZYnEl1yOkw6sEyaxOq/1DkzH0+60gGu5/PQ==",
      "requires": {
        "@polymer/polymer": "^3.0.0"
      }
    },
    "@polymer/iron-behaviors": {
      "version": "3.0.1",
      "resolved": "https://registry.npmjs.org/@polymer/iron-behaviors/-/iron-behaviors-3.0.1.tgz",
      "integrity": "sha512-IMEwcv1lhf1HSQxuyWOUIL0lOBwmeaoSTpgCJeP9IBYnuB1SPQngmfRuHKgK6/m9LQ9F9miC7p3HeQQUdKAE0w==",
      "requires": {
        "@polymer/iron-a11y-keys-behavior": "^3.0.0-pre.26",
        "@polymer/polymer": "^3.0.0"
      }
    },
    "@polymer/iron-checked-element-behavior": {
      "version": "3.0.1",
      "resolved": "https://registry.npmjs.org/@polymer/iron-checked-element-behavior/-/iron-checked-element-behavior-3.0.1.tgz",
      "integrity": "sha512-aDr0cbCNVq49q+pOqa6CZutFh+wWpwPMLpEth9swx+GkAj+gCURhuQkaUYhIo5f2egDbEioR1aeHMnPlU9dQZA==",
      "requires": {
        "@polymer/iron-form-element-behavior": "^3.0.0-pre.26",
        "@polymer/iron-validatable-behavior": "^3.0.0-pre.26",
        "@polymer/polymer": "^3.0.0"
      }
    },
    "@polymer/iron-flex-layout": {
      "version": "3.0.1",
      "resolved": "https://registry.npmjs.org/@polymer/iron-flex-layout/-/iron-flex-layout-3.0.1.tgz",
      "integrity": "sha512-7gB869czArF+HZcPTVSgvA7tXYFze9EKckvM95NB7SqYF+NnsQyhoXgKnpFwGyo95lUjUW9TFDLUwDXnCYFtkw==",
      "requires": {
        "@polymer/polymer": "^3.0.0"
      }
    },
    "@polymer/iron-form-element-behavior": {
      "version": "3.0.1",
      "resolved": "https://registry.npmjs.org/@polymer/iron-form-element-behavior/-/iron-form-element-behavior-3.0.1.tgz",
      "integrity": "sha512-G/e2KXyL5AY7mMjmomHkGpgS0uAf4ovNpKhkuUTRnMuMJuf589bKqE85KN4ovE1Tzhv2hJoh/igyD6ekHiYU1A==",
      "requires": {
        "@polymer/polymer": "^3.0.0"
      }
    },
    "@polymer/iron-icon": {
      "version": "3.0.1",
      "resolved": "https://registry.npmjs.org/@polymer/iron-icon/-/iron-icon-3.0.1.tgz",
      "integrity": "sha512-QLPwirk+UPZNaLnMew9VludXA4CWUCenRewgEcGYwdzVgDPCDbXxy6vRJjmweZobMQv/oVLppT2JZtJFnPxX6g==",
      "requires": {
        "@polymer/iron-flex-layout": "^3.0.0-pre.26",
        "@polymer/iron-meta": "^3.0.0-pre.26",
        "@polymer/polymer": "^3.0.0"
      }
    },
    "@polymer/iron-iconset-svg": {
      "version": "3.0.1",
      "resolved": "https://registry.npmjs.org/@polymer/iron-iconset-svg/-/iron-iconset-svg-3.0.1.tgz",
      "integrity": "sha512-XNwURbNHRw6u2fJe05O5fMYye6GSgDlDqCO+q6K1zAnKIrpgZwf2vTkBd5uCcZwsN0FyCB3mvNZx4jkh85dRDw==",
      "requires": {
        "@polymer/iron-meta": "^3.0.0-pre.26",
        "@polymer/polymer": "^3.0.0"
      }
    },
    "@polymer/iron-menu-behavior": {
      "version": "3.0.2",
      "resolved": "https://registry.npmjs.org/@polymer/iron-menu-behavior/-/iron-menu-behavior-3.0.2.tgz",
      "integrity": "sha512-8dpASkFNBIkxAJWsFLWIO1M7tKM0+wKs3PqdeF/dDdBciwoaaFgC2K1XCZFZnbe2t9/nJgemXxVugGZAWpYCGg==",
      "requires": {
        "@polymer/iron-a11y-keys-behavior": "^3.0.0-pre.26",
        "@polymer/iron-flex-layout": "^3.0.0-pre.26",
        "@polymer/iron-selector": "^3.0.0-pre.26",
        "@polymer/polymer": "^3.0.0"
      }
    },
    "@polymer/iron-meta": {
      "version": "3.0.1",
      "resolved": "https://registry.npmjs.org/@polymer/iron-meta/-/iron-meta-3.0.1.tgz",
      "integrity": "sha512-pWguPugiLYmWFV9UWxLWzZ6gm4wBwQdDy4VULKwdHCqR7OP7u98h+XDdGZsSlDPv6qoryV/e3tGHlTIT0mbzJA==",
      "requires": {
        "@polymer/polymer": "^3.0.0"
      }
    },
    "@polymer/iron-pages": {
      "version": "3.0.1",
      "resolved": "https://registry.npmjs.org/@polymer/iron-pages/-/iron-pages-3.0.1.tgz",
      "integrity": "sha512-PQe8S1JKHPcsIvFOaQP+9+AXmqUIL9fPqC6xT63OAZQxYCeZJDKgT9GKBx+VRryYBUlj2FLEXkUVpG+PTotdjg==",
      "requires": {
        "@polymer/iron-resizable-behavior": "^3.0.0-pre.26",
        "@polymer/iron-selector": "^3.0.0-pre.26",
        "@polymer/polymer": "^3.0.0"
      }
    },
    "@polymer/iron-resizable-behavior": {
      "version": "3.0.1",
      "resolved": "https://registry.npmjs.org/@polymer/iron-resizable-behavior/-/iron-resizable-behavior-3.0.1.tgz",
      "integrity": "sha512-FyHxRxFspVoRaeZSWpT3y0C9awomb4tXXolIJcZ7RvXhMP632V5lez+ch5G5SwK0LpnAPkg35eB0LPMFv+YMMQ==",
      "requires": {
        "@polymer/polymer": "^3.0.0"
      }
    },
    "@polymer/iron-selector": {
      "version": "3.0.1",
      "resolved": "https://registry.npmjs.org/@polymer/iron-selector/-/iron-selector-3.0.1.tgz",
      "integrity": "sha512-sBVk2uas6prW0glUe2xEJJYlvxmYzM40Au9OKbfDK2Qekou/fLKcBRyIYI39kuI8zWRaip8f3CI8qXcUHnKb1A==",
      "requires": {
        "@polymer/polymer": "^3.0.0"
      }
    },
    "@polymer/iron-validatable-behavior": {
      "version": "3.0.1",
      "resolved": "https://registry.npmjs.org/@polymer/iron-validatable-behavior/-/iron-validatable-behavior-3.0.1.tgz",
      "integrity": "sha512-wwpYh6wOa4fNI+jH5EYKC7TVPYQ2OfgQqocWat7GsNWcsblKYhLYbwsvEY5nO0n2xKqNfZzDLrUom5INJN7msQ==",
      "requires": {
        "@polymer/iron-meta": "^3.0.0-pre.26",
        "@polymer/polymer": "^3.0.0"
      }
    },
    "@polymer/paper-behaviors": {
      "version": "3.0.1",
      "resolved": "https://registry.npmjs.org/@polymer/paper-behaviors/-/paper-behaviors-3.0.1.tgz",
      "integrity": "sha512-6knhj69fPJejv8qR0kCSUY+Q0XjaUf0OSnkjRjmTJPAwSrRYtgqE+l6P1FfA+py1X/cUjgne9EF5rMZAKJIg1g==",
      "requires": {
        "@polymer/iron-behaviors": "^3.0.0-pre.26",
        "@polymer/iron-checked-element-behavior": "^3.0.0-pre.26",
        "@polymer/paper-ripple": "^3.0.0-pre.26",
        "@polymer/polymer": "^3.0.0"
      }
    },
    "@polymer/paper-icon-button": {
      "version": "3.0.2",
      "resolved": "https://registry.npmjs.org/@polymer/paper-icon-button/-/paper-icon-button-3.0.2.tgz",
      "integrity": "sha512-kOdxQgnKL097bggFF6PWvsBYuWg+MCcoHoTHX6bh/MuZoWFZNjrFntFqwuB4oEbpjCpfm4moA33muPJFj7CihQ==",
      "requires": {
        "@polymer/iron-icon": "^3.0.0-pre.26",
        "@polymer/paper-behaviors": "^3.0.0-pre.27",
        "@polymer/paper-styles": "^3.0.0-pre.26",
        "@polymer/polymer": "^3.0.0"
      }
    },
    "@polymer/paper-ripple": {
      "version": "3.0.1",
      "resolved": "https://registry.npmjs.org/@polymer/paper-ripple/-/paper-ripple-3.0.1.tgz",
      "integrity": "sha512-dgOe12GyCF1VZBLUQqnzGWlf3xb255FajNCVB1VFj/AtskYtoamnafa7m3a+1vs+C8qbg4Benn5KwgxVDSW4cg==",
      "requires": {
        "@polymer/iron-a11y-keys-behavior": "^3.0.0-pre.26",
        "@polymer/polymer": "^3.0.0"
      }
    },
    "@polymer/paper-styles": {
      "version": "3.0.1",
      "resolved": "https://registry.npmjs.org/@polymer/paper-styles/-/paper-styles-3.0.1.tgz",
      "integrity": "sha512-y6hmObLqlCx602TQiSBKHqjwkE7xmDiFkoxdYGaNjtv4xcysOTdVJsDR/R9UHwIaxJ7gHlthMSykir1nv78++g==",
      "requires": {
        "@polymer/font-roboto": "^3.0.1",
        "@polymer/iron-flex-layout": "^3.0.0-pre.26",
        "@polymer/polymer": "^3.0.0"
      }
    },
    "@polymer/paper-tabs": {
      "version": "3.1.0",
      "resolved": "https://registry.npmjs.org/@polymer/paper-tabs/-/paper-tabs-3.1.0.tgz",
      "integrity": "sha512-t8G+3CiyI0R+wA077UNQXR/oG9GlsqRRO1KMsFHHjBSsYqWXghNsqxUG827wEj+PafI5u9tZ3vVt1S++Lg4B2g==",
      "requires": {
        "@polymer/iron-behaviors": "^3.0.0-pre.26",
        "@polymer/iron-flex-layout": "^3.0.0-pre.26",
        "@polymer/iron-icon": "^3.0.0-pre.26",
        "@polymer/iron-iconset-svg": "^3.0.0-pre.26",
        "@polymer/iron-menu-behavior": "^3.0.0-pre.26",
        "@polymer/iron-resizable-behavior": "^3.0.0-pre.26",
        "@polymer/paper-behaviors": "^3.0.0-pre.27",
        "@polymer/paper-icon-button": "^3.0.0-pre.26",
        "@polymer/paper-styles": "^3.0.0-pre.26",
        "@polymer/polymer": "^3.0.0"
      }
    },
    "@polymer/polymer": {
      "version": "3.3.0",
      "resolved": "https://registry.npmjs.org/@polymer/polymer/-/polymer-3.3.0.tgz",
      "integrity": "sha512-rij7suomS7DxdBamnwr/Xa0V5hpypf7I9oYKseF2FWz5Xh2a3wJNpVjgJy1adXVCxqIyPhghsrthnfCt7EblsQ==",
      "requires": {
        "@webcomponents/shadycss": "^1.9.1"
      }
    },
    "@webcomponents/shadycss": {
      "version": "1.9.2",
      "resolved": "https://registry.npmjs.org/@webcomponents/shadycss/-/shadycss-1.9.2.tgz",
      "integrity": "sha512-GsD7RpDVrVdgC6e+D8zQia8RGNmEGQ9/qotnVPQYPrIXhGS5xSt6ZED9YmuHz3HbLqY+E54tE1EK3tjLzSCGrw=="
    },
    "@webcomponents/webcomponentsjs": {
      "version": "2.3.0",
      "resolved": "https://registry.npmjs.org/@webcomponents/webcomponentsjs/-/webcomponentsjs-2.3.0.tgz",
      "integrity": "sha512-sR6FOrNnnncRuoJDqq9QxtRsJMbIvASw4vnJwIYKVlKO3AMc+NAr/bIQNnUiTTE9pBDTJkFpVaUdjJaRdsjmyA=="
    },
    "interactjs": {
      "version": "1.6.3",
      "resolved": "https://registry.npmjs.org/interactjs/-/interactjs-1.6.3.tgz",
      "integrity": "sha512-mGivT1/VtTrjrSyhA1ezNGa0njNsZgXSoTjbCcr4qTJzRnUM5Rs+CF9+zOWOlwTZ89PAoT9FlTTqODC3xo5FEA==",
      "requires": {
        "@interactjs/types": "1.6.3"
      }
    },
    "lit-html": {
      "version": "1.1.2",
      "resolved": "https://registry.npmjs.org/lit-html/-/lit-html-1.1.2.tgz",
      "integrity": "sha512-FFlUMKHKi+qG1x1iHNZ1hrtc/zHmfYTyrSvs3/wBTvaNtpZjOZGWzU7efGYVpgp6KvWeKF6ql9/KsCq6Z/mEDA=="
    }
  }
}
